// !$*UTF8*$!
{
	archiveVersion = 1;
	classes = {
	};
	objectVersion = 71;
	objects = {

/* Begin PBXBuildFile section */
		A10000000000000000000001 /* CompoundApp.swift in Sources */ = {isa = PBXBuildFile; fileRef = A20000000000000000000001 /* CompoundApp.swift */; };
		A10000000000000000000002 /* ContentView.swift in Sources */ = {isa = PBXBuildFile; fileRef = A20000000000000000000002 /* ContentView.swift */; };
		A10000000000000000000003 /* CompoundWebView.swift in Sources */ = {isa = PBXBuildFile; fileRef = A20000000000000000000003 /* CompoundWebView.swift */; };
		A10000000000000000000004 /* AppConfiguration.swift in Sources */ = {isa = PBXBuildFile; fileRef = A20000000000000000000004 /* AppConfiguration.swift */; };
		A10000000000000000000005 /* NavigationPolicy.swift in Sources */ = {isa = PBXBuildFile; fileRef = A20000000000000000000005 /* NavigationPolicy.swift */; };
		A10000000000000000000006 /* Assets.xcassets in Resources */ = {isa = PBXBuildFile; fileRef = A20000000000000000000006 /* Assets.xcassets */; };
		A10000000000000000000007 /* NavigationPolicyTests.swift in Sources */ = {isa = PBXBuildFile; fileRef = A20000000000000000000007 /* NavigationPolicyTests.swift */; };
		A10000000000000000000008 /* XCTest.framework in Frameworks */ = {isa = PBXBuildFile; fileRef = A20000000000000000000009 /* XCTest.framework */; };
		C10000000000000000000001 /* PhoneWatchSession.swift in Sources */ = {isa = PBXBuildFile; fileRef = C20000000000000000000001 /* PhoneWatchSession.swift */; };
		C10000000000000000000002 /* WatchMessage.swift in Sources */ = {isa = PBXBuildFile; fileRef = C20000000000000000000002 /* WatchMessage.swift */; };
		C10000000000000000000003 /* CompoundWatchApp.swift in Sources */ = {isa = PBXBuildFile; fileRef = C20000000000000000000003 /* CompoundWatchApp.swift */; };
		C10000000000000000000004 /* WatchContentView.swift in Sources */ = {isa = PBXBuildFile; fileRef = C20000000000000000000004 /* WatchContentView.swift */; };
		C10000000000000000000005 /* WatchSession.swift in Sources */ = {isa = PBXBuildFile; fileRef = C20000000000000000000005 /* WatchSession.swift */; };
		C10000000000000000000006 /* WatchMessage.swift in Sources */ = {isa = PBXBuildFile; fileRef = C20000000000000000000002 /* WatchMessage.swift */; };
		C10000000000000000000007 /* Assets.xcassets in Resources */ = {isa = PBXBuildFile; fileRef = C20000000000000000000006 /* Assets.xcassets */; };
		C10000000000000000000008 /* Compound Watch App.app in Embed Watch Content */ = {isa = PBXBuildFile; fileRef = C20000000000000000000007 /* Compound Watch App.app */; settings = {ATTRIBUTES = (RemoveHeadersOnCopy, ); }; };
		C10000000000000000000009 /* WatchSnapshot.swift in Sources */ = {isa = PBXBuildFile; fileRef = C20000000000000000000008 /* WatchSnapshot.swift */; };
		C1000000000000000000000A /* WatchSnapshot.swift in Sources */ = {isa = PBXBuildFile; fileRef = C20000000000000000000008 /* WatchSnapshot.swift */; };
		D10000000000000000000001 /* CompoundComplication.swift in Sources */ = {isa = PBXBuildFile; fileRef = D20000000000000000000001 /* CompoundComplication.swift */; };
		D10000000000000000000002 /* Compound Complication.appex in Embed App Extensions */ = {isa = PBXBuildFile; fileRef = D20000000000000000000003 /* Compound Complication.appex */; settings = {ATTRIBUTES = (RemoveHeadersOnCopy, ); }; };
		D10000000000000000000003 /* ComplicationState.swift in Sources */ = {isa = PBXBuildFile; fileRef = D20000000000000000000004 /* ComplicationState.swift */; };
		D10000000000000000000004 /* ComplicationState.swift in Sources */ = {isa = PBXBuildFile; fileRef = D20000000000000000000004 /* ComplicationState.swift */; };
		D10000000000000000000005 /* ComplicationActionIntent.swift in Sources */ = {isa = PBXBuildFile; fileRef = D20000000000000000000005 /* ComplicationActionIntent.swift */; };
		D10000000000000000000006 /* WatchMessage.swift in Sources */ = {isa = PBXBuildFile; fileRef = C20000000000000000000002 /* WatchMessage.swift */; };
		D10000000000000000000007 /* WatchSnapshot.swift in Sources */ = {isa = PBXBuildFile; fileRef = C20000000000000000000008 /* WatchSnapshot.swift */; };
/* End PBXBuildFile section */

/* Begin PBXContainerItemProxy section */
		A30000000000000000000001 /* PBXContainerItemProxy */ = {
			isa = PBXContainerItemProxy;
			containerPortal = A90000000000000000000001 /* Project object */;
			proxyType = 1;
			remoteGlobalIDString = A50000000000000000000001;
			remoteInfo = Compound;
		};
		C30000000000000000000001 /* PBXContainerItemProxy */ = {
			isa = PBXContainerItemProxy;
			containerPortal = A90000000000000000000001 /* Project object */;
			proxyType = 1;
			remoteGlobalIDString = C50000000000000000000001;
			remoteInfo = "Compound Watch App";
		};
		D30000000000000000000001 /* PBXContainerItemProxy */ = {
			isa = PBXContainerItemProxy;
			containerPortal = A90000000000000000000001 /* Project object */;
			proxyType = 1;
			remoteGlobalIDString = D50000000000000000000001;
			remoteInfo = "Compound Complication";
		};
/* End PBXContainerItemProxy section */

/* Begin PBXCopyFilesBuildPhase section */
		C40000000000000000000004 /* Embed Watch Content */ = {
			isa = PBXCopyFilesBuildPhase;
			buildActionMask = 2147483647;
			dstPath = "$(CONTENTS_FOLDER_PATH)/Watch";
			dstSubfolderSpec = 16;
			files = (
				C10000000000000000000008 /* Compound Watch App.app in Embed Watch Content */,
			);
			name = "Embed Watch Content";
			runOnlyForDeploymentPostprocessing = 0;
		};
		D40000000000000000000004 /* Embed App Extensions */ = {
			isa = PBXCopyFilesBuildPhase;
			buildActionMask = 2147483647;
			dstPath = "";
			dstSubfolderSpec = 13;
			files = (
				D10000000000000000000002 /* Compound Complication.appex in Embed App Extensions */,
			);
			name = "Embed App Extensions";
			runOnlyForDeploymentPostprocessing = 0;
		};
/* End PBXCopyFilesBuildPhase section */

/* Begin PBXFileReference section */
		A20000000000000000000001 /* CompoundApp.swift */ = {isa = PBXFileReference; lastKnownFileType = sourcecode.swift; path = CompoundApp.swift; sourceTree = "<group>"; };
		A20000000000000000000002 /* ContentView.swift */ = {isa = PBXFileReference; lastKnownFileType = sourcecode.swift; path = ContentView.swift; sourceTree = "<group>"; };
		A20000000000000000000003 /* CompoundWebView.swift */ = {isa = PBXFileReference; lastKnownFileType = sourcecode.swift; path = CompoundWebView.swift; sourceTree = "<group>"; };
		A20000000000000000000004 /* AppConfiguration.swift */ = {isa = PBXFileReference; lastKnownFileType = sourcecode.swift; path = AppConfiguration.swift; sourceTree = "<group>"; };
		A20000000000000000000005 /* NavigationPolicy.swift */ = {isa = PBXFileReference; lastKnownFileType = sourcecode.swift; path = NavigationPolicy.swift; sourceTree = "<group>"; };
		A20000000000000000000006 /* Assets.xcassets */ = {isa = PBXFileReference; lastKnownFileType = folder.assetcatalog; path = Assets.xcassets; sourceTree = "<group>"; };
		A20000000000000000000007 /* NavigationPolicyTests.swift */ = {isa = PBXFileReference; lastKnownFileType = sourcecode.swift; path = NavigationPolicyTests.swift; sourceTree = "<group>"; };
		A20000000000000000000008 /* Compound.app */ = {isa = PBXFileReference; explicitFileType = wrapper.application; includeInIndex = 0; path = Compound.app; sourceTree = BUILT_PRODUCTS_DIR; };
		A20000000000000000000009 /* XCTest.framework */ = {isa = PBXFileReference; lastKnownFileType = wrapper.framework; name = XCTest.framework; path = System/Library/Frameworks/XCTest.framework; sourceTree = SDKROOT; };
		A2000000000000000000000A /* CompoundTests.xctest */ = {isa = PBXFileReference; explicitFileType = wrapper.cfbundle; includeInIndex = 0; path = CompoundTests.xctest; sourceTree = BUILT_PRODUCTS_DIR; };
		A2000000000000000000000B /* Info.plist */ = {isa = PBXFileReference; lastKnownFileType = text.plist.xml; path = Info.plist; sourceTree = "<group>"; };
		C20000000000000000000001 /* PhoneWatchSession.swift */ = {isa = PBXFileReference; lastKnownFileType = sourcecode.swift; path = PhoneWatchSession.swift; sourceTree = "<group>"; };
		C20000000000000000000002 /* WatchMessage.swift */ = {isa = PBXFileReference; lastKnownFileType = sourcecode.swift; path = WatchMessage.swift; sourceTree = "<group>"; };
		C20000000000000000000003 /* CompoundWatchApp.swift */ = {isa = PBXFileReference; lastKnownFileType = sourcecode.swift; path = CompoundWatchApp.swift; sourceTree = "<group>"; };
		C20000000000000000000004 /* WatchContentView.swift */ = {isa = PBXFileReference; lastKnownFileType = sourcecode.swift; path = WatchContentView.swift; sourceTree = "<group>"; };
		C20000000000000000000005 /* WatchSession.swift */ = {isa = PBXFileReference; lastKnownFileType = sourcecode.swift; path = WatchSession.swift; sourceTree = "<group>"; };
		C20000000000000000000006 /* Assets.xcassets */ = {isa = PBXFileReference; lastKnownFileType = folder.assetcatalog; path = Assets.xcassets; sourceTree = "<group>"; };
		C20000000000000000000007 /* Compound Watch App.app */ = {isa = PBXFileReference; explicitFileType = wrapper.application; includeInIndex = 0; path = "Compound Watch App.app"; sourceTree = BUILT_PRODUCTS_DIR; };
		C20000000000000000000008 /* WatchSnapshot.swift */ = {isa = PBXFileReference; lastKnownFileType = sourcecode.swift; path = WatchSnapshot.swift; sourceTree = "<group>"; };
		D20000000000000000000001 /* CompoundComplication.swift */ = {isa = PBXFileReference; lastKnownFileType = sourcecode.swift; path = CompoundComplication.swift; sourceTree = "<group>"; };
		D20000000000000000000002 /* Info.plist */ = {isa = PBXFileReference; lastKnownFileType = text.plist.xml; path = Info.plist; sourceTree = "<group>"; };
		D20000000000000000000003 /* Compound Complication.appex */ = {isa = PBXFileReference; explicitFileType = "wrapper.app-extension"; includeInIndex = 0; path = "Compound Complication.appex"; sourceTree = BUILT_PRODUCTS_DIR; };
		D20000000000000000000004 /* ComplicationState.swift */ = {isa = PBXFileReference; lastKnownFileType = sourcecode.swift; path = ComplicationState.swift; sourceTree = "<group>"; };
		D20000000000000000000005 /* ComplicationActionIntent.swift */ = {isa = PBXFileReference; lastKnownFileType = sourcecode.swift; path = ComplicationActionIntent.swift; sourceTree = "<group>"; };
		D20000000000000000000006 /* CompoundWatch.entitlements */ = {isa = PBXFileReference; lastKnownFileType = text.plist.entitlements; path = CompoundWatch.entitlements; sourceTree = "<group>"; };
		D20000000000000000000007 /* CompoundComplication.entitlements */ = {isa = PBXFileReference; lastKnownFileType = text.plist.entitlements; path = CompoundComplication.entitlements; sourceTree = "<group>"; };
/* End PBXFileReference section */

/* Begin PBXFrameworksBuildPhase section */
		A40000000000000000000001 /* Frameworks */ = {
			isa = PBXFrameworksBuildPhase;
			buildActionMask = 2147483647;
			files = (
			);
			runOnlyForDeploymentPostprocessing = 0;
		};
		A40000000000000000000002 /* Frameworks */ = {
			isa = PBXFrameworksBuildPhase;
			buildActionMask = 2147483647;
			files = (
				A10000000000000000000008 /* XCTest.framework in Frameworks */,
			);
			runOnlyForDeploymentPostprocessing = 0;
		};
		C40000000000000000000001 /* Frameworks */ = {
			isa = PBXFrameworksBuildPhase;
			buildActionMask = 2147483647;
			files = (
			);
			runOnlyForDeploymentPostprocessing = 0;
		};
		D40000000000000000000001 /* Frameworks */ = {
			isa = PBXFrameworksBuildPhase;
			buildActionMask = 2147483647;
			files = (
			);
			runOnlyForDeploymentPostprocessing = 0;
		};
/* End PBXFrameworksBuildPhase section */

/* Begin PBXGroup section */
		A60000000000000000000001 = {
			isa = PBXGroup;
			children = (
				A60000000000000000000002 /* iphone */,
				C60000000000000000000001 /* watch */,
				D60000000000000000000001 /* complication */,
				C60000000000000000000002 /* shared */,
				A60000000000000000000003 /* tests */,
				A60000000000000000000004 /* Products */,
				A20000000000000000000009 /* XCTest.framework */,
			);
			sourceTree = "<group>";
		};
		A60000000000000000000002 /* iphone */ = {
			isa = PBXGroup;
			children = (
				A20000000000000000000001 /* CompoundApp.swift */,
				A20000000000000000000002 /* ContentView.swift */,
				A20000000000000000000003 /* CompoundWebView.swift */,
				A20000000000000000000004 /* AppConfiguration.swift */,
				A20000000000000000000005 /* NavigationPolicy.swift */,
				C20000000000000000000001 /* PhoneWatchSession.swift */,
				A20000000000000000000006 /* Assets.xcassets */,
				A2000000000000000000000B /* Info.plist */,
			);
			path = iphone;
			sourceTree = "<group>";
		};
		A60000000000000000000003 /* tests */ = {
			isa = PBXGroup;
			children = (
				A20000000000000000000007 /* NavigationPolicyTests.swift */,
			);
			path = tests;
			sourceTree = "<group>";
		};
		A60000000000000000000004 /* Products */ = {
			isa = PBXGroup;
			children = (
				A20000000000000000000008 /* Compound.app */,
				A2000000000000000000000A /* CompoundTests.xctest */,
				C20000000000000000000007 /* Compound Watch App.app */,
				D20000000000000000000003 /* Compound Complication.appex */,
			);
			name = Products;
			sourceTree = "<group>";
		};
		C60000000000000000000001 /* watch */ = {
			isa = PBXGroup;
			children = (
				C20000000000000000000003 /* CompoundWatchApp.swift */,
				C20000000000000000000004 /* WatchContentView.swift */,
				C20000000000000000000005 /* WatchSession.swift */,
				C20000000000000000000006 /* Assets.xcassets */,
				D20000000000000000000006 /* CompoundWatch.entitlements */,
			);
			path = watch;
			sourceTree = "<group>";
		};
		C60000000000000000000002 /* shared */ = {
			isa = PBXGroup;
			children = (
				C20000000000000000000002 /* WatchMessage.swift */,
				C20000000000000000000008 /* WatchSnapshot.swift */,
				D20000000000000000000004 /* ComplicationState.swift */,
			);
			path = shared;
			sourceTree = "<group>";
		};
		D60000000000000000000001 /* complication */ = {
			isa = PBXGroup;
			children = (
				D20000000000000000000001 /* CompoundComplication.swift */,
				D20000000000000000000005 /* ComplicationActionIntent.swift */,
				D20000000000000000000002 /* Info.plist */,
				D20000000000000000000007 /* CompoundComplication.entitlements */,
			);
			path = complication;
			sourceTree = "<group>";
		};
/* End PBXGroup section */

/* Begin PBXNativeTarget section */
		A50000000000000000000001 /* Compound */ = {
			isa = PBXNativeTarget;
			buildConfigurationList = A70000000000000000000001 /* Build configuration list for PBXNativeTarget "Compound" */;
			buildPhases = (
				A40000000000000000000003 /* Sources */,
				A40000000000000000000001 /* Frameworks */,
				A40000000000000000000004 /* Resources */,
				C40000000000000000000004 /* Embed Watch Content */,
			);
			buildRules = (
			);
			dependencies = (
				C80000000000000000000001 /* PBXTargetDependency */,
			);
			name = Compound;
			productName = Compound;
			productReference = A20000000000000000000008 /* Compound.app */;
			productType = "com.apple.product-type.application";
		};
		A50000000000000000000002 /* CompoundTests */ = {
			isa = PBXNativeTarget;
			buildConfigurationList = A70000000000000000000002 /* Build configuration list for PBXNativeTarget "CompoundTests" */;
			buildPhases = (
				A40000000000000000000005 /* Sources */,
				A40000000000000000000002 /* Frameworks */,
				A40000000000000000000006 /* Resources */,
			);
			buildRules = (
			);
			dependencies = (
				A80000000000000000000001 /* PBXTargetDependency */,
			);
			name = CompoundTests;
			productName = CompoundTests;
			productReference = A2000000000000000000000A /* CompoundTests.xctest */;
			productType = "com.apple.product-type.bundle.unit-test";
		};
		C50000000000000000000001 /* Compound Watch App */ = {
			isa = PBXNativeTarget;
			buildConfigurationList = C70000000000000000000001 /* Build configuration list for PBXNativeTarget "Compound Watch App" */;
			buildPhases = (
				C40000000000000000000002 /* Sources */,
				C40000000000000000000001 /* Frameworks */,
				C40000000000000000000003 /* Resources */,
				D40000000000000000000004 /* Embed App Extensions */,
			);
			buildRules = (
			);
			dependencies = (
				D80000000000000000000001 /* PBXTargetDependency */,
			);
			name = "Compound Watch App";
			productName = "Compound Watch App";
			productReference = C20000000000000000000007 /* Compound Watch App.app */;
			productType = "com.apple.product-type.application";
		};
		D50000000000000000000001 /* Compound Complication */ = {
			isa = PBXNativeTarget;
			buildConfigurationList = D70000000000000000000001 /* Build configuration list for PBXNativeTarget "Compound Complication" */;
			buildPhases = (
				D40000000000000000000002 /* Sources */,
				D40000000000000000000001 /* Frameworks */,
				D40000000000000000000003 /* Resources */,
			);
			buildRules = (
			);
			dependencies = (
			);
			name = "Compound Complication";
			productName = "Compound Complication";
			productReference = D20000000000000000000003 /* Compound Complication.appex */;
			productType = "com.apple.product-type.app-extension";
		};
/* End PBXNativeTarget section */

/* Begin PBXProject section */
		A90000000000000000000001 /* Project object */ = {
			isa = PBXProject;
			attributes = {
				BuildIndependentTargetsInParallel = 1;
				LastSwiftUpdateCheck = 2660;
				LastUpgradeCheck = 2660;
				TargetAttributes = {
					A50000000000000000000001 = {
						CreatedOnToolsVersion = 26.6;
					};
					A50000000000000000000002 = {
						CreatedOnToolsVersion = 26.6;
						TestTargetID = A50000000000000000000001;
					};
					C50000000000000000000001 = {
						CreatedOnToolsVersion = 26.6;
					};
					D50000000000000000000001 = {
						CreatedOnToolsVersion = 26.6;
					};
				};
			};
			buildConfigurationList = A70000000000000000000003 /* Build configuration list for PBXProject "Compound" */;
			compatibilityVersion = "Xcode 16.0";
			developmentRegion = en;
			hasScannedForEncodings = 0;
			knownRegions = (
				en,
				Base,
			);
			mainGroup = A60000000000000000000001;
			productRefGroup = A60000000000000000000004 /* Products */;
			projectDirPath = "";
			projectRoot = "";
			targets = (
				A50000000000000000000001 /* Compound */,
				A50000000000000000000002 /* CompoundTests */,
				C50000000000000000000001 /* Compound Watch App */,
				D50000000000000000000001 /* Compound Complication */,
			);
		};
/* End PBXProject section */

/* Begin PBXResourcesBuildPhase section */
		A40000000000000000000004 /* Resources */ = {
			isa = PBXResourcesBuildPhase;
			buildActionMask = 2147483647;
			files = (
				A10000000000000000000006 /* Assets.xcassets in Resources */,
			);
			runOnlyForDeploymentPostprocessing = 0;
		};
		A40000000000000000000006 /* Resources */ = {
			isa = PBXResourcesBuildPhase;
			buildActionMask = 2147483647;
			files = (
			);
			runOnlyForDeploymentPostprocessing = 0;
		};
		C40000000000000000000003 /* Resources */ = {
			isa = PBXResourcesBuildPhase;
			buildActionMask = 2147483647;
			files = (
				C10000000000000000000007 /* Assets.xcassets in Resources */,
			);
			runOnlyForDeploymentPostprocessing = 0;
		};
		D40000000000000000000003 /* Resources */ = {
			isa = PBXResourcesBuildPhase;
			buildActionMask = 2147483647;
			files = (
			);
			runOnlyForDeploymentPostprocessing = 0;
		};
/* End PBXResourcesBuildPhase section */

/* Begin PBXSourcesBuildPhase section */
		A40000000000000000000003 /* Sources */ = {
			isa = PBXSourcesBuildPhase;
			buildActionMask = 2147483647;
			files = (
				A10000000000000000000001 /* CompoundApp.swift in Sources */,
				A10000000000000000000002 /* ContentView.swift in Sources */,
				A10000000000000000000003 /* CompoundWebView.swift in Sources */,
				A10000000000000000000004 /* AppConfiguration.swift in Sources */,
				A10000000000000000000005 /* NavigationPolicy.swift in Sources */,
				C10000000000000000000001 /* PhoneWatchSession.swift in Sources */,
				C10000000000000000000002 /* WatchMessage.swift in Sources */,
				C10000000000000000000009 /* WatchSnapshot.swift in Sources */,
			);
			runOnlyForDeploymentPostprocessing = 0;
		};
		A40000000000000000000005 /* Sources */ = {
			isa = PBXSourcesBuildPhase;
			buildActionMask = 2147483647;
			files = (
				A10000000000000000000007 /* NavigationPolicyTests.swift in Sources */,
			);
			runOnlyForDeploymentPostprocessing = 0;
		};
		C40000000000000000000002 /* Sources */ = {
			isa = PBXSourcesBuildPhase;
			buildActionMask = 2147483647;
			files = (
				C10000000000000000000003 /* CompoundWatchApp.swift in Sources */,
				C10000000000000000000004 /* WatchContentView.swift in Sources */,
				C10000000000000000000005 /* WatchSession.swift in Sources */,
				C10000000000000000000006 /* WatchMessage.swift in Sources */,
				C1000000000000000000000A /* WatchSnapshot.swift in Sources */,
				D10000000000000000000003 /* ComplicationState.swift in Sources */,
			);
			runOnlyForDeploymentPostprocessing = 0;
		};
		D40000000000000000000002 /* Sources */ = {
			isa = PBXSourcesBuildPhase;
			buildActionMask = 2147483647;
			files = (
				D10000000000000000000001 /* CompoundComplication.swift in Sources */,
				D10000000000000000000004 /* ComplicationState.swift in Sources */,
				D10000000000000000000005 /* ComplicationActionIntent.swift in Sources */,
				D10000000000000000000006 /* WatchMessage.swift in Sources */,
				D10000000000000000000007 /* WatchSnapshot.swift in Sources */,
			);
			runOnlyForDeploymentPostprocessing = 0;
		};
/* End PBXSourcesBuildPhase section */

/* Begin PBXTargetDependency section */
		A80000000000000000000001 /* PBXTargetDependency */ = {
			isa = PBXTargetDependency;
			target = A50000000000000000000001 /* Compound */;
			targetProxy = A30000000000000000000001 /* PBXContainerItemProxy */;
		};
		C80000000000000000000001 /* PBXTargetDependency */ = {
			isa = PBXTargetDependency;
			target = C50000000000000000000001 /* Compound Watch App */;
			targetProxy = C30000000000000000000001 /* PBXContainerItemProxy */;
		};
		D80000000000000000000001 /* PBXTargetDependency */ = {
			isa = PBXTargetDependency;
			target = D50000000000000000000001 /* Compound Complication */;
			targetProxy = D30000000000000000000001 /* PBXContainerItemProxy */;
		};
/* End PBXTargetDependency section */

/* Begin XCBuildConfiguration section */
		B10000000000000000000001 /* Debug */ = {
			isa = XCBuildConfiguration;
			buildSettings = {
				ALWAYS_SEARCH_USER_PATHS = NO;
				CLANG_ENABLE_MODULES = YES;
				CLANG_ENABLE_OBJC_ARC = YES;
				ENABLE_TESTABILITY = YES;
				IPHONEOS_DEPLOYMENT_TARGET = 17.0;
				SDKROOT = iphoneos;
				SWIFT_OPTIMIZATION_LEVEL = "-Onone";
				SWIFT_VERSION = 6.0;
			};
			name = Debug;
		};
		B10000000000000000000002 /* Release */ = {
			isa = XCBuildConfiguration;
			buildSettings = {
				ALWAYS_SEARCH_USER_PATHS = NO;
				CLANG_ENABLE_MODULES = YES;
				CLANG_ENABLE_OBJC_ARC = YES;
				IPHONEOS_DEPLOYMENT_TARGET = 17.0;
				SDKROOT = iphoneos;
				SWIFT_COMPILATION_MODE = wholemodule;
				SWIFT_VERSION = 6.0;
			};
			name = Release;
		};
		B10000000000000000000003 /* Debug */ = {
			isa = XCBuildConfiguration;
			buildSettings = {
				CODE_SIGN_STYLE = Automatic;
				CURRENT_PROJECT_VERSION = 1;
				DEVELOPMENT_TEAM = J234KY54B4;
				GENERATE_INFOPLIST_FILE = NO;
				INFOPLIST_FILE = iphone/Info.plist;
				MARKETING_VERSION = 0.1.0;
				PRODUCT_BUNDLE_IDENTIFIER = com.haisong.compound;
				PRODUCT_NAME = "$(TARGET_NAME)";
				SUPPORTED_PLATFORMS = "iphoneos iphonesimulator";
				SUPPORTS_MACCATALYST = NO;
				SWIFT_EMIT_LOC_STRINGS = YES;
				TARGETED_DEVICE_FAMILY = 1;
			};
			name = Debug;
		};
		B10000000000000000000004 /* Release */ = {
			isa = XCBuildConfiguration;
			buildSettings = {
				CODE_SIGN_STYLE = Automatic;
				CURRENT_PROJECT_VERSION = 1;
				DEVELOPMENT_TEAM = J234KY54B4;
				GENERATE_INFOPLIST_FILE = NO;
				INFOPLIST_FILE = iphone/Info.plist;
				MARKETING_VERSION = 0.1.0;
				PRODUCT_BUNDLE_IDENTIFIER = com.haisong.compound;
				PRODUCT_NAME = "$(TARGET_NAME)";
				SUPPORTED_PLATFORMS = "iphoneos iphonesimulator";
				SUPPORTS_MACCATALYST = NO;
				SWIFT_EMIT_LOC_STRINGS = YES;
				TARGETED_DEVICE_FAMILY = 1;
			};
			name = Release;
		};
		B10000000000000000000005 /* Debug */ = {
			isa = XCBuildConfiguration;
			buildSettings = {
				BUNDLE_LOADER = "$(TEST_HOST)";
				CODE_SIGN_STYLE = Automatic;
				GENERATE_INFOPLIST_FILE = YES;
				IPHONEOS_DEPLOYMENT_TARGET = 17.0;
				PRODUCT_BUNDLE_IDENTIFIER = com.haisong.compound.tests;
				PRODUCT_NAME = "$(TARGET_NAME)";
				SWIFT_VERSION = 6.0;
				TARGETED_DEVICE_FAMILY = 1;
				TEST_HOST = "$(BUILT_PRODUCTS_DIR)/Compound.app/$(BUNDLE_EXECUTABLE_FOLDER_PATH)/Compound";
			};
			name = Debug;
		};
		B10000000000000000000006 /* Release */ = {
			isa = XCBuildConfiguration;
			buildSettings = {
				BUNDLE_LOADER = "$(TEST_HOST)";
				CODE_SIGN_STYLE = Automatic;
				GENERATE_INFOPLIST_FILE = YES;
				IPHONEOS_DEPLOYMENT_TARGET = 17.0;
				PRODUCT_BUNDLE_IDENTIFIER = com.haisong.compound.tests;
				PRODUCT_NAME = "$(TARGET_NAME)";
				SWIFT_VERSION = 6.0;
				TARGETED_DEVICE_FAMILY = 1;
				TEST_HOST = "$(BUILT_PRODUCTS_DIR)/Compound.app/$(BUNDLE_EXECUTABLE_FOLDER_PATH)/Compound";
			};
			name = Release;
		};
		C10000000000000000000011 /* Debug */ = {
			isa = XCBuildConfiguration;
			buildSettings = {
				CODE_SIGN_ENTITLEMENTS = watch/CompoundWatch.entitlements;
				CODE_SIGN_STYLE = Automatic;
				CURRENT_PROJECT_VERSION = 1;
				DEVELOPMENT_TEAM = J234KY54B4;
				GENERATE_INFOPLIST_FILE = YES;
				INFOPLIST_KEY_CFBundleDisplayName = Compound;
				INFOPLIST_KEY_WKApplication = YES;
				INFOPLIST_KEY_WKCompanionAppBundleIdentifier = com.haisong.compound;
				MARKETING_VERSION = 0.1.0;
				PRODUCT_BUNDLE_IDENTIFIER = com.haisong.compound.watchkitapp;
				PRODUCT_NAME = "$(TARGET_NAME)";
				SDKROOT = watchos;
				SKIP_INSTALL = YES;
				SUPPORTED_PLATFORMS = "watchos watchsimulator";
				SWIFT_VERSION = 6.0;
				TARGETED_DEVICE_FAMILY = 4;
				WATCHOS_DEPLOYMENT_TARGET = 10.0;
			};
			name = Debug;
		};
		C10000000000000000000012 /* Release */ = {
			isa = XCBuildConfiguration;
			buildSettings = {
				CODE_SIGN_ENTITLEMENTS = watch/CompoundWatch.entitlements;
				CODE_SIGN_STYLE = Automatic;
				CURRENT_PROJECT_VERSION = 1;
				DEVELOPMENT_TEAM = J234KY54B4;
				GENERATE_INFOPLIST_FILE = YES;
				INFOPLIST_KEY_CFBundleDisplayName = Compound;
				INFOPLIST_KEY_WKApplication = YES;
				INFOPLIST_KEY_WKCompanionAppBundleIdentifier = com.haisong.compound;
				MARKETING_VERSION = 0.1.0;
				PRODUCT_BUNDLE_IDENTIFIER = com.haisong.compound.watchkitapp;
				PRODUCT_NAME = "$(TARGET_NAME)";
				SDKROOT = watchos;
				SKIP_INSTALL = YES;
				SUPPORTED_PLATFORMS = "watchos watchsimulator";
				SWIFT_COMPILATION_MODE = wholemodule;
				SWIFT_VERSION = 6.0;
				TARGETED_DEVICE_FAMILY = 4;
				WATCHOS_DEPLOYMENT_TARGET = 10.0;
			};
			name = Release;
		};
		D10000000000000000000011 /* Debug */ = {
			isa = XCBuildConfiguration;
			buildSettings = {
				APPLICATION_EXTENSION_API_ONLY = YES;
				CODE_SIGN_ENTITLEMENTS = complication/CompoundComplication.entitlements;
				CODE_SIGN_STYLE = Automatic;
				CURRENT_PROJECT_VERSION = 1;
				DEVELOPMENT_TEAM = J234KY54B4;
				GENERATE_INFOPLIST_FILE = NO;
				INFOPLIST_FILE = complication/Info.plist;
				MARKETING_VERSION = 0.1.0;
				PRODUCT_BUNDLE_IDENTIFIER = com.haisong.compound.watchkitapp.compoundwidget;
				PRODUCT_NAME = "$(TARGET_NAME)";
				SDKROOT = watchos;
				SKIP_INSTALL = YES;
				SUPPORTED_PLATFORMS = "watchos watchsimulator";
				SWIFT_VERSION = 6.0;
				TARGETED_DEVICE_FAMILY = 4;
				WATCHOS_DEPLOYMENT_TARGET = 10.0;
			};
			name = Debug;
		};
		D10000000000000000000012 /* Release */ = {
			isa = XCBuildConfiguration;
			buildSettings = {
				APPLICATION_EXTENSION_API_ONLY = YES;
				CODE_SIGN_ENTITLEMENTS = complication/CompoundComplication.entitlements;
				CODE_SIGN_STYLE = Automatic;
				CURRENT_PROJECT_VERSION = 1;
				DEVELOPMENT_TEAM = J234KY54B4;
				GENERATE_INFOPLIST_FILE = NO;
				INFOPLIST_FILE = complication/Info.plist;
				MARKETING_VERSION = 0.1.0;
				PRODUCT_BUNDLE_IDENTIFIER = com.haisong.compound.watchkitapp.compoundwidget;
				PRODUCT_NAME = "$(TARGET_NAME)";
				SDKROOT = watchos;
				SKIP_INSTALL = YES;
				SUPPORTED_PLATFORMS = "watchos watchsimulator";
				SWIFT_COMPILATION_MODE = wholemodule;
				SWIFT_VERSION = 6.0;
				TARGETED_DEVICE_FAMILY = 4;
				WATCHOS_DEPLOYMENT_TARGET = 10.0;
			};
			name = Release;
		};
/* End XCBuildConfiguration section */

/* Begin XCConfigurationList section */
		A70000000000000000000001 /* Build configuration list for PBXNativeTarget "Compound" */ = {
			isa = XCConfigurationList;
			buildConfigurations = (
				B10000000000000000000003 /* Debug */,
				B10000000000000000000004 /* Release */,
			);
			defaultConfigurationIsVisible = 0;
			defaultConfigurationName = Release;
		};
		A70000000000000000000002 /* Build configuration list for PBXNativeTarget "CompoundTests" */ = {
			isa = XCConfigurationList;
			buildConfigurations = (
				B10000000000000000000005 /* Debug */,
				B10000000000000000000006 /* Release */,
			);
			defaultConfigurationIsVisible = 0;
			defaultConfigurationName = Release;
		};
		A70000000000000000000003 /* Build configuration list for PBXProject "Compound" */ = {
			isa = XCConfigurationList;
			buildConfigurations = (
				B10000000000000000000001 /* Debug */,
				B10000000000000000000002 /* Release */,
			);
			defaultConfigurationIsVisible = 0;
			defaultConfigurationName = Release;
		};
		C70000000000000000000001 /* Build configuration list for PBXNativeTarget "Compound Watch App" */ = {
			isa = XCConfigurationList;
			buildConfigurations = (
				C10000000000000000000011 /* Debug */,
				C10000000000000000000012 /* Release */,
			);
			defaultConfigurationIsVisible = 0;
			defaultConfigurationName = Release;
		};
		D70000000000000000000001 /* Build configuration list for PBXNativeTarget "Compound Complication" */ = {
			isa = XCConfigurationList;
			buildConfigurations = (
				D10000000000000000000011 /* Debug */,
				D10000000000000000000012 /* Release */,
			);
			defaultConfigurationIsVisible = 0;
			defaultConfigurationName = Release;
		};
/* End XCConfigurationList section */
	};
	rootObject = A90000000000000000000001 /* Project object */;
}
